
Microsoft Visual Studio Solution File, Format Version 12.00
# Visual Studio 14
VisualStudioVersion = 14.0.24720.0
MinimumVisualStudioVersion = 10.0.40219.1
Project("{FAE04EC0-301F-11D3-BF4B-00C04F79EFBC}") = "ClickerHeroesUtils", "ClickerHeroesUtils\ClickerHeroesUtils.csproj", "{512BF091-B16D-46B3-8E27-7CBE593E3DBA}"
EndProject
Global
	GlobalSection(SolutionConfigurationPlatforms) = preSolution
		Debug|Any CPU = Debug|Any CPU
		Release|Any CPU = Release|Any CPU
	EndGlobalSection
	GlobalSection(ProjectConfigurationPlatforms) = postSolution
		{512BF091-B16D-46B3-8E27-7CBE593E3DBA}.Debug|Any CPU.ActiveCfg = Debug|Any CPU
		{512BF091-B16D-46B3-8E27-7CBE593E3DBA}.Debug|Any CPU.Build.0 = Debug|Any CPU
		{512BF091-B16D-46B3-8E27-7CBE593E3DBA}.Release|Any CPU.ActiveCfg = Release|Any CPU
		{512BF091-B16D-46B3-8E27-7CBE593E3DBA}.Release|Any CPU.Build.0 = Release|Any CPU
	EndGlobalSection
	GlobalSection(SolutionProperties) = preSolution
		HideSolutionNode = FALSE
	EndGlobalSection
EndGlobal
